
Microsoft Visual Studio Solution File, Format Version 12.00
# Visual Studio Version 17
VisualStudioVersion = 17.3.32901.215
MinimumVisualStudioVersion = 10.0.40219.1
Project("{FAE04EC0-301F-11D3-BF4B-00C04F79EFBC}") = "Restaurant_Order_App", "Restaurant_Order_App\Restaurant_Order_App.csproj", "{66F51DC6-EACD-4A43-83C5-D2D927B1803D}"
EndProject
Global
	GlobalSection(SolutionConfigurationPlatforms) = preSolution
		Debug|Any CPU = Debug|Any CPU
		Release|Any CPU = Release|Any CPU
	EndGlobalSection
	GlobalSection(ProjectConfigurationPlatforms) = postSolution
		{66F51DC6-EACD-4A43-83C5-D2D927B1803D}.Debug|Any CPU.ActiveCfg = Debug|Any CPU
		{66F51DC6-EACD-4A43-83C5-D2D927B1803D}.Debug|Any CPU.Build.0 = Debug|Any CPU
		{66F51DC6-EACD-4A43-83C5-D2D927B1803D}.Release|Any CPU.ActiveCfg = Release|Any CPU
		{66F51DC6-EACD-4A43-83C5-D2D927B1803D}.Release|Any CPU.Build.0 = Release|Any CPU
	EndGlobalSection
	GlobalSection(SolutionProperties) = preSolution
		HideSolutionNode = FALSE
	EndGlobalSection
	GlobalSection(ExtensibilityGlobals) = postSolution
		SolutionGuid = {5CCDB1D5-5C7B-451F-8E54-3496BD84D39B}
	EndGlobalSection
EndGlobal
